
Microsoft Visual Studio Solution File, Format Version 12.00
# Visual Studio Version 16
VisualStudioVersion = 16.0.31729.503
MinimumVisualStudioVersion = 10.0.40219.1
Project("{FAE04EC0-301F-11D3-BF4B-00C04F79EFBC}") = "commedP", "commedP\commedP.csproj", "{F265E9BF-BD12-44C7-9CD9-4495A1433688}"
EndProject
Global
	GlobalSection(SolutionConfigurationPlatforms) = preSolution
		Debug|Any CPU = Debug|Any CPU
		Release|Any CPU = Release|Any CPU
	EndGlobalSection
	GlobalSection(ProjectConfigurationPlatforms) = postSolution
		{F265E9BF-BD12-44C7-9CD9-4495A1433688}.Debug|Any CPU.ActiveCfg = Debug|Any CPU
		{F265E9BF-BD12-44C7-9CD9-4495A1433688}.Debug|Any CPU.Build.0 = Debug|Any CPU
		{F265E9BF-BD12-44C7-9CD9-4495A1433688}.Release|Any CPU.ActiveCfg = Release|Any CPU
		{F265E9BF-BD12-44C7-9CD9-4495A1433688}.Release|Any CPU.Build.0 = Release|Any CPU
	EndGlobalSection
	GlobalSection(SolutionProperties) = preSolution
		HideSolutionNode = FALSE
	EndGlobalSection
	GlobalSection(ExtensibilityGlobals) = postSolution
		SolutionGuid = {F72790BA-3163-44C8-BD53-468620B49AC0}
	EndGlobalSection
EndGlobal
